
Microsoft Visual Studio Solution File, Format Version 12.00
# Visual Studio 15
VisualStudioVersion = 15.0.28307.1000
MinimumVisualStudioVersion = 10.0.40219.1
Project("{9A19103F-16F7-4668-BE54-9A1E7A4F7556}") = "ConsumerService", "ConsumerService\ConsumerService.csproj", "{D4AA6440-45C7-41C9-AC0D-8F89180E71DF}"
EndProject
Project("{FAE04EC0-301F-11D3-BF4B-00C04F79EFBC}") = "ModelLayer", "ModelLayer\ModelLayer.csproj", "{4240437A-9E04-40F3-A6CF-D65AACBB3D17}"
EndProject
Project("{FAE04EC0-301F-11D3-BF4B-00C04F79EFBC}") = "ServiceLayer", "ServiceLayer\ServiceLayer.csproj", "{A9E25645-4AFB-49ED-8E63-76CAC93D7F7A}"
EndProject
Project("{FAE04EC0-301F-11D3-BF4B-00C04F79EFBC}") = "CoreLayer", "CoreLayer\CoreLayer.csproj", "{18454378-E8EB-457E-8A45-D7B3B7EC568D}"
EndProject
Global
	GlobalSection(SolutionConfigurationPlatforms) = preSolution
		Debug|Any CPU = Debug|Any CPU
		Release|Any CPU = Release|Any CPU
	EndGlobalSection
	GlobalSection(ProjectConfigurationPlatforms) = postSolution
		{D4AA6440-45C7-41C9-AC0D-8F89180E71DF}.Debug|Any CPU.ActiveCfg = Debug|Any CPU
		{D4AA6440-45C7-41C9-AC0D-8F89180E71DF}.Debug|Any CPU.Build.0 = Debug|Any CPU
		{D4AA6440-45C7-41C9-AC0D-8F89180E71DF}.Release|Any CPU.ActiveCfg = Release|Any CPU
		{D4AA6440-45C7-41C9-AC0D-8F89180E71DF}.Release|Any CPU.Build.0 = Release|Any CPU
		{4240437A-9E04-40F3-A6CF-D65AACBB3D17}.Debug|Any CPU.ActiveCfg = Debug|Any CPU
		{4240437A-9E04-40F3-A6CF-D65AACBB3D17}.Debug|Any CPU.Build.0 = Debug|Any CPU
		{4240437A-9E04-40F3-A6CF-D65AACBB3D17}.Release|Any CPU.ActiveCfg = Release|Any CPU
		{4240437A-9E04-40F3-A6CF-D65AACBB3D17}.Release|Any CPU.Build.0 = Release|Any CPU
		{A9E25645-4AFB-49ED-8E63-76CAC93D7F7A}.Debug|Any CPU.ActiveCfg = Debug|Any CPU
		{A9E25645-4AFB-49ED-8E63-76CAC93D7F7A}.Debug|Any CPU.Build.0 = Debug|Any CPU
		{A9E25645-4AFB-49ED-8E63-76CAC93D7F7A}.Release|Any CPU.ActiveCfg = Release|Any CPU
		{A9E25645-4AFB-49ED-8E63-76CAC93D7F7A}.Release|Any CPU.Build.0 = Release|Any CPU
		{18454378-E8EB-457E-8A45-D7B3B7EC568D}.Debug|Any CPU.ActiveCfg = Debug|Any CPU
		{18454378-E8EB-457E-8A45-D7B3B7EC568D}.Debug|Any CPU.Build.0 = Debug|Any CPU
		{18454378-E8EB-457E-8A45-D7B3B7EC568D}.Release|Any CPU.ActiveCfg = Release|Any CPU
		{18454378-E8EB-457E-8A45-D7B3B7EC568D}.Release|Any CPU.Build.0 = Release|Any CPU
	EndGlobalSection
	GlobalSection(SolutionProperties) = preSolution
		HideSolutionNode = FALSE
	EndGlobalSection
	GlobalSection(ExtensibilityGlobals) = postSolution
		SolutionGuid = {C8064888-9644-4928-B564-3132D60DD520}
	EndGlobalSection
EndGlobal
